
Microsoft Visual Studio Solution File, Format Version 12.00
# Visual Studio Version 17
VisualStudioVersion = 17.6.33801.468
MinimumVisualStudioVersion = 10.0.40219.1
Project("{8BC9CEB8-8B4A-11D0-8D11-00A0C91BC942}") = "ABL350_J27", "ABL350_J27.vcxproj", "{9F04CE81-B638-4FDC-82A1-F1E3E0853A14}"
EndProject
Project("{8BC9CEB8-8B4A-11D0-8D11-00A0C91BC942}") = "ABL350_J27e", "..\ABL350_J27e\ABL350_J27e.vcxproj", "{1B98EA96-A446-4464-8058-3D7B28BCFF46}"
EndProject
Project("{FAE04EC0-301F-11D3-BF4B-00C04F79EFBC}") = "ABL350_J27_CALLER_", "..\ABL350_J27_CALLER_\ABL350_J27_CALLER_.csproj", "{A632CB4A-0068-426A-A245-7545A7179D99}"
EndProject
Global
	GlobalSection(SolutionConfigurationPlatforms) = preSolution
		Debug|Any CPU = Debug|Any CPU
		Debug|x64 = Debug|x64
		Debug|x86 = Debug|x86
		Release|Any CPU = Release|Any CPU
		Release|x64 = Release|x64
		Release|x86 = Release|x86
	EndGlobalSection
	GlobalSection(ProjectConfigurationPlatforms) = postSolution
		{9F04CE81-B638-4FDC-82A1-F1E3E0853A14}.Debug|Any CPU.ActiveCfg = Debug|x64
		{9F04CE81-B638-4FDC-82A1-F1E3E0853A14}.Debug|Any CPU.Build.0 = Debug|x64
		{9F04CE81-B638-4FDC-82A1-F1E3E0853A14}.Debug|x64.ActiveCfg = Debug|x64
		{9F04CE81-B638-4FDC-82A1-F1E3E0853A14}.Debug|x64.Build.0 = Debug|x64
		{9F04CE81-B638-4FDC-82A1-F1E3E0853A14}.Debug|x86.ActiveCfg = Debug|Win32
		{9F04CE81-B638-4FDC-82A1-F1E3E0853A14}.Debug|x86.Build.0 = Debug|Win32
		{9F04CE81-B638-4FDC-82A1-F1E3E0853A14}.Release|Any CPU.ActiveCfg = Release|x64
		{9F04CE81-B638-4FDC-82A1-F1E3E0853A14}.Release|Any CPU.Build.0 = Release|x64
		{9F04CE81-B638-4FDC-82A1-F1E3E0853A14}.Release|x64.ActiveCfg = Release|x64
		{9F04CE81-B638-4FDC-82A1-F1E3E0853A14}.Release|x64.Build.0 = Release|x64
		{9F04CE81-B638-4FDC-82A1-F1E3E0853A14}.Release|x86.ActiveCfg = Release|Win32
		{9F04CE81-B638-4FDC-82A1-F1E3E0853A14}.Release|x86.Build.0 = Release|Win32
		{1B98EA96-A446-4464-8058-3D7B28BCFF46}.Debug|Any CPU.ActiveCfg = Debug|x64
		{1B98EA96-A446-4464-8058-3D7B28BCFF46}.Debug|Any CPU.Build.0 = Debug|x64
		{1B98EA96-A446-4464-8058-3D7B28BCFF46}.Debug|x64.ActiveCfg = Debug|x64
		{1B98EA96-A446-4464-8058-3D7B28BCFF46}.Debug|x64.Build.0 = Debug|x64
		{1B98EA96-A446-4464-8058-3D7B28BCFF46}.Debug|x86.ActiveCfg = Debug|Win32
		{1B98EA96-A446-4464-8058-3D7B28BCFF46}.Debug|x86.Build.0 = Debug|Win32
		{1B98EA96-A446-4464-8058-3D7B28BCFF46}.Release|Any CPU.ActiveCfg = Release|x64
		{1B98EA96-A446-4464-8058-3D7B28BCFF46}.Release|Any CPU.Build.0 = Release|x64
		{1B98EA96-A446-4464-8058-3D7B28BCFF46}.Release|x64.ActiveCfg = Release|x64
		{1B98EA96-A446-4464-8058-3D7B28BCFF46}.Release|x64.Build.0 = Release|x64
		{1B98EA96-A446-4464-8058-3D7B28BCFF46}.Release|x86.ActiveCfg = Release|Win32
		{1B98EA96-A446-4464-8058-3D7B28BCFF46}.Release|x86.Build.0 = Release|Win32
		{A632CB4A-0068-426A-A245-7545A7179D99}.Debug|Any CPU.ActiveCfg = Debug|Any CPU
		{A632CB4A-0068-426A-A245-7545A7179D99}.Debug|Any CPU.Build.0 = Debug|Any CPU
		{A632CB4A-0068-426A-A245-7545A7179D99}.Debug|x64.ActiveCfg = Debug|Any CPU
		{A632CB4A-0068-426A-A245-7545A7179D99}.Debug|x64.Build.0 = Debug|Any CPU
		{A632CB4A-0068-426A-A245-7545A7179D99}.Debug|x86.ActiveCfg = Debug|Any CPU
		{A632CB4A-0068-426A-A245-7545A7179D99}.Debug|x86.Build.0 = Debug|Any CPU
		{A632CB4A-0068-426A-A245-7545A7179D99}.Release|Any CPU.ActiveCfg = Release|Any CPU
		{A632CB4A-0068-426A-A245-7545A7179D99}.Release|Any CPU.Build.0 = Release|Any CPU
		{A632CB4A-0068-426A-A245-7545A7179D99}.Release|x64.ActiveCfg = Release|Any CPU
		{A632CB4A-0068-426A-A245-7545A7179D99}.Release|x64.Build.0 = Release|Any CPU
		{A632CB4A-0068-426A-A245-7545A7179D99}.Release|x86.ActiveCfg = Release|Any CPU
		{A632CB4A-0068-426A-A245-7545A7179D99}.Release|x86.Build.0 = Release|Any CPU
	EndGlobalSection
	GlobalSection(SolutionProperties) = preSolution
		HideSolutionNode = FALSE
	EndGlobalSection
	GlobalSection(ExtensibilityGlobals) = postSolution
		SolutionGuid = {2030709F-A002-4717-8A4E-9A1B945CC91E}
	EndGlobalSection
EndGlobal
